
Microsoft Visual Studio Solution File, Format Version 12.00
# Visual Studio 14
VisualStudioVersion = 14.0.25123.0
MinimumVisualStudioVersion = 10.0.40219.1
Project("{EA130978-0E2D-4AB2-B295-ADD292F80654}") = "Sitecore.Support.183520", "Sitecore.Support.183520\Sitecore.Support.183520.csproj", "{DCBA9A36-B437-4EEB-B507-F3600245B256}"
EndProject
Global
	GlobalSection(SolutionConfigurationPlatforms) = preSolution
		Debug|Any CPU = Debug|Any CPU
		Release|Any CPU = Release|Any CPU
	EndGlobalSection
	GlobalSection(ProjectConfigurationPlatforms) = postSolution
		{DCBA9A36-B437-4EEB-B507-F3600245B256}.Debug|Any CPU.ActiveCfg = Debug|Any CPU
		{DCBA9A36-B437-4EEB-B507-F3600245B256}.Debug|Any CPU.Build.0 = Debug|Any CPU
		{DCBA9A36-B437-4EEB-B507-F3600245B256}.Release|Any CPU.ActiveCfg = Release|Any CPU
		{DCBA9A36-B437-4EEB-B507-F3600245B256}.Release|Any CPU.Build.0 = Release|Any CPU
	EndGlobalSection
	GlobalSection(SolutionProperties) = preSolution
		HideSolutionNode = FALSE
	EndGlobalSection
EndGlobal
